
Microsoft Visual Studio Solution File, Format Version 12.00
# Visual Studio Version 17
VisualStudioVersion = 17.6.33829.357
MinimumVisualStudioVersion = 10.0.40219.1
Project("{FAE04EC0-301F-11D3-BF4B-00C04F79EFBC}") = "BizimMahalleKod.IlkDers", "BizimMahalleKod.IlkDers\BizimMahalleKod.IlkDers.csproj", "{C8FDC792-18D3-477C-8B79-65FE1F2E9F31}"
EndProject
Global
	GlobalSection(SolutionConfigurationPlatforms) = preSolution
		Debug|Any CPU = Debug|Any CPU
		Release|Any CPU = Release|Any CPU
	EndGlobalSection
	GlobalSection(ProjectConfigurationPlatforms) = postSolution
		{C8FDC792-18D3-477C-8B79-65FE1F2E9F31}.Debug|Any CPU.ActiveCfg = Debug|Any CPU
		{C8FDC792-18D3-477C-8B79-65FE1F2E9F31}.Debug|Any CPU.Build.0 = Debug|Any CPU
		{C8FDC792-18D3-477C-8B79-65FE1F2E9F31}.Release|Any CPU.ActiveCfg = Release|Any CPU
		{C8FDC792-18D3-477C-8B79-65FE1F2E9F31}.Release|Any CPU.Build.0 = Release|Any CPU
	EndGlobalSection
	GlobalSection(SolutionProperties) = preSolution
		HideSolutionNode = FALSE
	EndGlobalSection
	GlobalSection(ExtensibilityGlobals) = postSolution
		SolutionGuid = {C0DBD7E4-96E4-4660-B6C3-FD89D0A5C063}
	EndGlobalSection
EndGlobal
